// !$*UTF8*$!
{
	archiveVersion = 1;
	classes = {
	};
	objectVersion = 50;
	objects = {

/* Begin PBXBuildFile section */
		27D0940FE330EE8FB45EE63F /* Pods_Secrets.framework in Frameworks */ = {isa = PBXBuildFile; fileRef = 4A99274B11C9947A4169FF9E /* Pods_Secrets.framework */; };
		A96B510B2139D074007F3C82 /* ContentTableViewCell.swift in Sources */ = {isa = PBXBuildFile; fileRef = A96B510A2139D074007F3C82 /* ContentTableViewCell.swift */; };
		A979BE342139EBB9005DF0DD /* CategoriesTableViewController.swift in Sources */ = {isa = PBXBuildFile; fileRef = A979BE332139EBB9005DF0DD /* CategoriesTableViewController.swift */; };
		A97FF61E2139B6D200544CCD /* AppDelegate.swift in Sources */ = {isa = PBXBuildFile; fileRef = A97FF61D2139B6D200544CCD /* AppDelegate.swift */; };
		A97FF6252139B6D200544CCD /* Main.storyboard in Resources */ = {isa = PBXBuildFile; fileRef = A97FF6232139B6D200544CCD /* Main.storyboard */; };
		A97FF6272139B6D400544CCD /* Assets.xcassets in Resources */ = {isa = PBXBuildFile; fileRef = A97FF6262139B6D400544CCD /* Assets.xcassets */; };
		A97FF62A2139B6D400544CCD /* LaunchScreen.storyboard in Resources */ = {isa = PBXBuildFile; fileRef = A97FF6282139B6D400544CCD /* LaunchScreen.storyboard */; };
		A97FF6322139BA0400544CCD /* API.swift in Sources */ = {isa = PBXBuildFile; fileRef = A97FF6312139BA0400544CCD /* API.swift */; };
		A97FF6342139BAC700544CCD /* Secret.swift in Sources */ = {isa = PBXBuildFile; fileRef = A97FF6332139BAC700544CCD /* Secret.swift */; };
		A97FF6382139C3EA00544CCD /* HomeViewController.swift in Sources */ = {isa = PBXBuildFile; fileRef = A97FF6372139C3EA00544CCD /* HomeViewController.swift */; };
		A9A46A61213ABCB100262CE0 /* SearchTableViewController.swift in Sources */ = {isa = PBXBuildFile; fileRef = A9A46A60213ABCB100262CE0 /* SearchTableViewController.swift */; };
/* End PBXBuildFile section */

/* Begin PBXFileReference section */
		4A99274B11C9947A4169FF9E /* Pods_Secrets.framework */ = {isa = PBXFileReference; explicitFileType = wrapper.framework; includeInIndex = 0; path = Pods_Secrets.framework; sourceTree = BUILT_PRODUCTS_DIR; };
		A96B510A2139D074007F3C82 /* ContentTableViewCell.swift */ = {isa = PBXFileReference; lastKnownFileType = sourcecode.swift; path = ContentTableViewCell.swift; sourceTree = "<group>"; };
		A979BE332139EBB9005DF0DD /* CategoriesTableViewController.swift */ = {isa = PBXFileReference; lastKnownFileType = sourcecode.swift; path = CategoriesTableViewController.swift; sourceTree = "<group>"; };
		A97FF61A2139B6D200544CCD /* Secrets.app */ = {isa = PBXFileReference; explicitFileType = wrapper.application; includeInIndex = 0; path = Secrets.app; sourceTree = BUILT_PRODUCTS_DIR; };
		A97FF61D2139B6D200544CCD /* AppDelegate.swift */ = {isa = PBXFileReference; lastKnownFileType = sourcecode.swift; path = AppDelegate.swift; sourceTree = "<group>"; };
		A97FF6242139B6D200544CCD /* Base */ = {isa = PBXFileReference; lastKnownFileType = file.storyboard; name = Base; path = Base.lproj/Main.storyboard; sourceTree = "<group>"; };
		A97FF6262139B6D400544CCD /* Assets.xcassets */ = {isa = PBXFileReference; lastKnownFileType = folder.assetcatalog; path = Assets.xcassets; sourceTree = "<group>"; };
		A97FF6292139B6D400544CCD /* Base */ = {isa = PBXFileReference; lastKnownFileType = file.storyboard; name = Base; path = Base.lproj/LaunchScreen.storyboard; sourceTree = "<group>"; };
		A97FF62B2139B6D400544CCD /* Info.plist */ = {isa = PBXFileReference; lastKnownFileType = text.plist.xml; path = Info.plist; sourceTree = "<group>"; };
		A97FF6312139BA0400544CCD /* API.swift */ = {isa = PBXFileReference; lastKnownFileType = sourcecode.swift; path = API.swift; sourceTree = "<group>"; };
		A97FF6332139BAC700544CCD /* Secret.swift */ = {isa = PBXFileReference; lastKnownFileType = sourcecode.swift; path = Secret.swift; sourceTree = "<group>"; };
		A97FF6372139C3EA00544CCD /* HomeViewController.swift */ = {isa = PBXFileReference; lastKnownFileType = sourcecode.swift; path = HomeViewController.swift; sourceTree = "<group>"; };
		A9A46A60213ABCB100262CE0 /* SearchTableViewController.swift */ = {isa = PBXFileReference; lastKnownFileType = sourcecode.swift; path = SearchTableViewController.swift; sourceTree = "<group>"; };
		AF4F8B39AEB24AC8F7F83040 /* Pods-Secrets.debug.xcconfig */ = {isa = PBXFileReference; includeInIndex = 1; lastKnownFileType = text.xcconfig; name = "Pods-Secrets.debug.xcconfig"; path = "Pods/Target Support Files/Pods-Secrets/Pods-Secrets.debug.xcconfig"; sourceTree = "<group>"; };
		B46D30084407FE9DB6AC0DB8 /* Pods-Secrets.release.xcconfig */ = {isa = PBXFileReference; includeInIndex = 1; lastKnownFileType = text.xcconfig; name = "Pods-Secrets.release.xcconfig"; path = "Pods/Target Support Files/Pods-Secrets/Pods-Secrets.release.xcconfig"; sourceTree = "<group>"; };
/* End PBXFileReference section */

/* Begin PBXFrameworksBuildPhase section */
		A97FF6172139B6D200544CCD /* Frameworks */ = {
			isa = PBXFrameworksBuildPhase;
			buildActionMask = 2147483647;
			files = (
				27D0940FE330EE8FB45EE63F /* Pods_Secrets.framework in Frameworks */,
			);
			runOnlyForDeploymentPostprocessing = 0;
		};
/* End PBXFrameworksBuildPhase section */

/* Begin PBXGroup section */
		60CF6A2424A99B0E0558E7E1 /* Pods */ = {
			isa = PBXGroup;
			children = (
				AF4F8B39AEB24AC8F7F83040 /* Pods-Secrets.debug.xcconfig */,
				B46D30084407FE9DB6AC0DB8 /* Pods-Secrets.release.xcconfig */,
			);
			name = Pods;
			sourceTree = "<group>";
		};
		A979BE322139EBA6005DF0DD /* Controller */ = {
			isa = PBXGroup;
			children = (
				A97FF6372139C3EA00544CCD /* HomeViewController.swift */,
				A979BE332139EBB9005DF0DD /* CategoriesTableViewController.swift */,
				A9A46A60213ABCB100262CE0 /* SearchTableViewController.swift */,
				A96B510A2139D074007F3C82 /* ContentTableViewCell.swift */,
			);
			path = Controller;
			sourceTree = "<group>";
		};
		A97FF6112139B6D200544CCD = {
			isa = PBXGroup;
			children = (
				A97FF61C2139B6D200544CCD /* Secrets */,
				A97FF61B2139B6D200544CCD /* Products */,
				60CF6A2424A99B0E0558E7E1 /* Pods */,
				E351EBD6CB427EDA89E3A895 /* Frameworks */,
			);
			sourceTree = "<group>";
		};
		A97FF61B2139B6D200544CCD /* Products */ = {
			isa = PBXGroup;
			children = (
				A97FF61A2139B6D200544CCD /* Secrets.app */,
			);
			name = Products;
			sourceTree = "<group>";
		};
		A97FF61C2139B6D200544CCD /* Secrets */ = {
			isa = PBXGroup;
			children = (
				A97FF61D2139B6D200544CCD /* AppDelegate.swift */,
				A979BE322139EBA6005DF0DD /* Controller */,
				A9A46A5E213AB95200262CE0 /* Model */,
				A9A46A5F213AB96000262CE0 /* View */,
				A97FF6262139B6D400544CCD /* Assets.xcassets */,
				A97FF62B2139B6D400544CCD /* Info.plist */,
			);
			path = Secrets;
			sourceTree = "<group>";
		};
		A9A46A5E213AB95200262CE0 /* Model */ = {
			isa = PBXGroup;
			children = (
				A97FF6312139BA0400544CCD /* API.swift */,
				A97FF6332139BAC700544CCD /* Secret.swift */,
			);
			path = Model;
			sourceTree = "<group>";
		};
		A9A46A5F213AB96000262CE0 /* View */ = {
			isa = PBXGroup;
			children = (
				A97FF6232139B6D200544CCD /* Main.storyboard */,
				A97FF6282139B6D400544CCD /* LaunchScreen.storyboard */,
			);
			path = View;
			sourceTree = "<group>";
		};
		E351EBD6CB427EDA89E3A895 /* Frameworks */ = {
			isa = PBXGroup;
			children = (
				4A99274B11C9947A4169FF9E /* Pods_Secrets.framework */,
			);
			name = Frameworks;
			sourceTree = "<group>";
		};
/* End PBXGroup section */

/* Begin PBXNativeTarget section */
		A97FF6192139B6D200544CCD /* Secrets */ = {
			isa = PBXNativeTarget;
			buildConfigurationList = A97FF62E2139B6D400544CCD /* Build configuration list for PBXNativeTarget "Secrets" */;
			buildPhases = (
				55925A0FC247A3BFF00F95E8 /* [CP] Check Pods Manifest.lock */,
				A97FF6162139B6D200544CCD /* Sources */,
				A97FF6172139B6D200544CCD /* Frameworks */,
				A97FF6182139B6D200544CCD /* Resources */,
				F6634199B7CFD23F1EC99634 /* [CP] Embed Pods Frameworks */,
			);
			buildRules = (
			);
			dependencies = (
			);
			name = Secrets;
			productName = Secrets;
			productReference = A97FF61A2139B6D200544CCD /* Secrets.app */;
			productType = "com.apple.product-type.application";
		};
/* End PBXNativeTarget section */

/* Begin PBXProject section */
		A97FF6122139B6D200544CCD /* Project object */ = {
			isa = PBXProject;
			attributes = {
				LastSwiftUpdateCheck = 1000;
				LastUpgradeCheck = 1000;
				ORGANIZATIONNAME = Vikings;
				TargetAttributes = {
					A97FF6192139B6D200544CCD = {
						CreatedOnToolsVersion = 10.0;
					};
				};
			};
			buildConfigurationList = A97FF6152139B6D200544CCD /* Build configuration list for PBXProject "Secrets" */;
			compatibilityVersion = "Xcode 9.3";
			developmentRegion = en;
			hasScannedForEncodings = 0;
			knownRegions = (
				en,
				Base,
			);
			mainGroup = A97FF6112139B6D200544CCD;
			productRefGroup = A97FF61B2139B6D200544CCD /* Products */;
			projectDirPath = "";
			projectRoot = "";
			targets = (
				A97FF6192139B6D200544CCD /* Secrets */,
			);
		};
/* End PBXProject section */

/* Begin PBXResourcesBuildPhase section */
		A97FF6182139B6D200544CCD /* Resources */ = {
			isa = PBXResourcesBuildPhase;
			buildActionMask = 2147483647;
			files = (
				A97FF62A2139B6D400544CCD /* LaunchScreen.storyboard in Resources */,
				A97FF6272139B6D400544CCD /* Assets.xcassets in Resources */,
				A97FF6252139B6D200544CCD /* Main.storyboard in Resources */,
			);
			runOnlyForDeploymentPostprocessing = 0;
		};
/* End PBXResourcesBuildPhase section */

/* Begin PBXShellScriptBuildPhase section */
		55925A0FC247A3BFF00F95E8 /* [CP] Check Pods Manifest.lock */ = {
			isa = PBXShellScriptBuildPhase;
			buildActionMask = 2147483647;
			files = (
			);
			inputPaths = (
				"${PODS_PODFILE_DIR_PATH}/Podfile.lock",
				"${PODS_ROOT}/Manifest.lock",
			);
			name = "[CP] Check Pods Manifest.lock";
			outputPaths = (
				"$(DERIVED_FILE_DIR)/Pods-Secrets-checkManifestLockResult.txt",
			);
			runOnlyForDeploymentPostprocessing = 0;
			shellPath = /bin/sh;
			shellScript = "diff \"${PODS_PODFILE_DIR_PATH}/Podfile.lock\" \"${PODS_ROOT}/Manifest.lock\" > /dev/null\nif [ $? != 0 ] ; then\n    # print error to STDERR\n    echo \"error: The sandbox is not in sync with the Podfile.lock. Run 'pod install' or update your CocoaPods installation.\" >&2\n    exit 1\nfi\n# This output is used by Xcode 'outputs' to avoid re-running this script phase.\necho \"SUCCESS\" > \"${SCRIPT_OUTPUT_FILE_0}\"\n";
			showEnvVarsInLog = 0;
		};
		F6634199B7CFD23F1EC99634 /* [CP] Embed Pods Frameworks */ = {
			isa = PBXShellScriptBuildPhase;
			buildActionMask = 2147483647;
			files = (
			);
			inputPaths = (
				"${SRCROOT}/Pods/Target Support Files/Pods-Secrets/Pods-Secrets-frameworks.sh",
				"${BUILT_PRODUCTS_DIR}/PagingTableView/PagingTableView.framework",
				"${BUILT_PRODUCTS_DIR}/SwiftSoup/SwiftSoup.framework",
			);
			name = "[CP] Embed Pods Frameworks";
			outputPaths = (
				"${TARGET_BUILD_DIR}/${FRAMEWORKS_FOLDER_PATH}/PagingTableView.framework",
				"${TARGET_BUILD_DIR}/${FRAMEWORKS_FOLDER_PATH}/SwiftSoup.framework",
			);
			runOnlyForDeploymentPostprocessing = 0;
			shellPath = /bin/sh;
			shellScript = "\"${SRCROOT}/Pods/Target Support Files/Pods-Secrets/Pods-Secrets-frameworks.sh\"\n";
			showEnvVarsInLog = 0;
		};
/* End PBXShellScriptBuildPhase section */

/* Begin PBXSourcesBuildPhase section */
		A97FF6162139B6D200544CCD /* Sources */ = {
			isa = PBXSourcesBuildPhase;
			buildActionMask = 2147483647;
			files = (
				A97FF6342139BAC700544CCD /* Secret.swift in Sources */,
				A97FF61E2139B6D200544CCD /* AppDelegate.swift in Sources */,
				A97FF6322139BA0400544CCD /* API.swift in Sources */,
				A9A46A61213ABCB100262CE0 /* SearchTableViewController.swift in Sources */,
				A97FF6382139C3EA00544CCD /* HomeViewController.swift in Sources */,
				A96B510B2139D074007F3C82 /* ContentTableViewCell.swift in Sources */,
				A979BE342139EBB9005DF0DD /* CategoriesTableViewController.swift in Sources */,
			);
			runOnlyForDeploymentPostprocessing = 0;
		};
/* End PBXSourcesBuildPhase section */

/* Begin PBXVariantGroup section */
		A97FF6232139B6D200544CCD /* Main.storyboard */ = {
			isa = PBXVariantGroup;
			children = (
				A97FF6242139B6D200544CCD /* Base */,
			);
			name = Main.storyboard;
			sourceTree = "<group>";
		};
		A97FF6282139B6D400544CCD /* LaunchScreen.storyboard */ = {
			isa = PBXVariantGroup;
			children = (
				A97FF6292139B6D400544CCD /* Base */,
			);
			name = LaunchScreen.storyboard;
			sourceTree = "<group>";
		};
/* End PBXVariantGroup section */

/* Begin XCBuildConfiguration section */
		A97FF62C2139B6D400544CCD /* Debug */ = {
			isa = XCBuildConfiguration;
			buildSettings = {
				ALWAYS_SEARCH_USER_PATHS = NO;
				CLANG_ANALYZER_NONNULL = YES;
				CLANG_ANALYZER_NUMBER_OBJECT_CONVERSION = YES_AGGRESSIVE;
				CLANG_CXX_LANGUAGE_STANDARD = "gnu++14";
				CLANG_CXX_LIBRARY = "libc++";
				CLANG_ENABLE_MODULES = YES;
				CLANG_ENABLE_OBJC_ARC = YES;
				CLANG_ENABLE_OBJC_WEAK = YES;
				CLANG_WARN_BLOCK_CAPTURE_AUTORELEASING = YES;
				CLANG_WARN_BOOL_CONVERSION = YES;
				CLANG_WARN_COMMA = YES;
				CLANG_WARN_CONSTANT_CONVERSION = YES;
				CLANG_WARN_DEPRECATED_OBJC_IMPLEMENTATIONS = YES;
				CLANG_WARN_DIRECT_OBJC_ISA_USAGE = YES_ERROR;
				CLANG_WARN_DOCUMENTATION_COMMENTS = YES;
				CLANG_WARN_EMPTY_BODY = YES;
				CLANG_WARN_ENUM_CONVERSION = YES;
				CLANG_WARN_INFINITE_RECURSION = YES;
				CLANG_WARN_INT_CONVERSION = YES;
				CLANG_WARN_NON_LITERAL_NULL_CONVERSION = YES;
				CLANG_WARN_OBJC_IMPLICIT_RETAIN_SELF = YES;
				CLANG_WARN_OBJC_LITERAL_CONVERSION = YES;
				CLANG_WARN_OBJC_ROOT_CLASS = YES_ERROR;
				CLANG_WARN_RANGE_LOOP_ANALYSIS = YES;
				CLANG_WARN_STRICT_PROTOTYPES = YES;
				CLANG_WARN_SUSPICIOUS_MOVE = YES;
				CLANG_WARN_UNGUARDED_AVAILABILITY = YES_AGGRESSIVE;
				CLANG_WARN_UNREACHABLE_CODE = YES;
				CLANG_WARN__DUPLICATE_METHOD_MATCH = YES;
				CODE_SIGN_IDENTITY = "iPhone Developer";
				COPY_PHASE_STRIP = NO;
				DEBUG_INFORMATION_FORMAT = dwarf;
				ENABLE_STRICT_OBJC_MSGSEND = YES;
				ENABLE_TESTABILITY = YES;
				GCC_C_LANGUAGE_STANDARD = gnu11;
				GCC_DYNAMIC_NO_PIC = NO;
				GCC_NO_COMMON_BLOCKS = YES;
				GCC_OPTIMIZATION_LEVEL = 0;
				GCC_PREPROCESSOR_DEFINITIONS = (
					"DEBUG=1",
					"$(inherited)",
				);
				GCC_WARN_64_TO_32_BIT_CONVERSION = YES;
				GCC_WARN_ABOUT_RETURN_TYPE = YES_ERROR;
				GCC_WARN_UNDECLARED_SELECTOR = YES;
				GCC_WARN_UNINITIALIZED_AUTOS = YES_AGGRESSIVE;
				GCC_WARN_UNUSED_FUNCTION = YES;
				GCC_WARN_UNUSED_VARIABLE = YES;
				IPHONEOS_DEPLOYMENT_TARGET = 12.0;
				MTL_ENABLE_DEBUG_INFO = INCLUDE_SOURCE;
				MTL_FAST_MATH = YES;
				ONLY_ACTIVE_ARCH = YES;
				SDKROOT = iphoneos;
				SWIFT_ACTIVE_COMPILATION_CONDITIONS = DEBUG;
				SWIFT_OPTIMIZATION_LEVEL = "-Onone";
			};
			name = Debug;
		};
		A97FF62D2139B6D400544CCD /* Release */ = {
			isa = XCBuildConfiguration;
			buildSettings = {
				ALWAYS_SEARCH_USER_PATHS = NO;
				CLANG_ANALYZER_NONNULL = YES;
				CLANG_ANALYZER_NUMBER_OBJECT_CONVERSION = YES_AGGRESSIVE;
				CLANG_CXX_LANGUAGE_STANDARD = "gnu++14";
				CLANG_CXX_LIBRARY = "libc++";
				CLANG_ENABLE_MODULES = YES;
				CLANG_ENABLE_OBJC_ARC = YES;
				CLANG_ENABLE_OBJC_WEAK = YES;
				CLANG_WARN_BLOCK_CAPTURE_AUTORELEASING = YES;
				CLANG_WARN_BOOL_CONVERSION = YES;
				CLANG_WARN_COMMA = YES;
				CLANG_WARN_CONSTANT_CONVERSION = YES;
				CLANG_WARN_DEPRECATED_OBJC_IMPLEMENTATIONS = YES;
				CLANG_WARN_DIRECT_OBJC_ISA_USAGE = YES_ERROR;
				CLANG_WARN_DOCUMENTATION_COMMENTS = YES;
				CLANG_WARN_EMPTY_BODY = YES;
				CLANG_WARN_ENUM_CONVERSION = YES;
				CLANG_WARN_INFINITE_RECURSION = YES;
				CLANG_WARN_INT_CONVERSION = YES;
				CLANG_WARN_NON_LITERAL_NULL_CONVERSION = YES;
				CLANG_WARN_OBJC_IMPLICIT_RETAIN_SELF = YES;
				CLANG_WARN_OBJC_LITERAL_CONVERSION = YES;
				CLANG_WARN_OBJC_ROOT_CLASS = YES_ERROR;
				CLANG_WARN_RANGE_LOOP_ANALYSIS = YES;
				CLANG_WARN_STRICT_PROTOTYPES = YES;
				CLANG_WARN_SUSPICIOUS_MOVE = YES;
				CLANG_WARN_UNGUARDED_AVAILABILITY = YES_AGGRESSIVE;
				CLANG_WARN_UNREACHABLE_CODE = YES;
				CLANG_WARN__DUPLICATE_METHOD_MATCH = YES;
				CODE_SIGN_IDENTITY = "iPhone Developer";
				COPY_PHASE_STRIP = NO;
				DEBUG_INFORMATION_FORMAT = "dwarf-with-dsym";
				ENABLE_NS_ASSERTIONS = NO;
				ENABLE_STRICT_OBJC_MSGSEND = YES;
				GCC_C_LANGUAGE_STANDARD = gnu11;
				GCC_NO_COMMON_BLOCKS = YES;
				GCC_WARN_64_TO_32_BIT_CONVERSION = YES;
				GCC_WARN_ABOUT_RETURN_TYPE = YES_ERROR;
				GCC_WARN_UNDECLARED_SELECTOR = YES;
				GCC_WARN_UNINITIALIZED_AUTOS = YES_AGGRESSIVE;
				GCC_WARN_UNUSED_FUNCTION = YES;
				GCC_WARN_UNUSED_VARIABLE = YES;
				IPHONEOS_DEPLOYMENT_TARGET = 12.0;
				MTL_ENABLE_DEBUG_INFO = NO;
				MTL_FAST_MATH = YES;
				SDKROOT = iphoneos;
				SWIFT_COMPILATION_MODE = wholemodule;
				SWIFT_OPTIMIZATION_LEVEL = "-O";
				VALIDATE_PRODUCT = YES;
			};
			name = Release;
		};
		A97FF62F2139B6D400544CCD /* Debug */ = {
			isa = XCBuildConfiguration;
			baseConfigurationReference = AF4F8B39AEB24AC8F7F83040 /* Pods-Secrets.debug.xcconfig */;
			buildSettings = {
				ASSETCATALOG_COMPILER_APPICON_NAME = AppIcon;
				CODE_SIGN_STYLE = Manual;
				DEVELOPMENT_TEAM = 5C456KB643;
				INFOPLIST_FILE = Secrets/Info.plist;
				IPHONEOS_DEPLOYMENT_TARGET = 11.0;
				LD_RUNPATH_SEARCH_PATHS = (
					"$(inherited)",
					"@executable_path/Frameworks",
				);
				PRODUCT_BUNDLE_IDENTIFIER = vikings.Secrets;
				PRODUCT_NAME = "$(TARGET_NAME)";
				PROVISIONING_PROFILE_SPECIFIER = 1b2da5224189150d793a6f40ec77c83321924c8e;
				SWIFT_VERSION = 4.2;
				TARGETED_DEVICE_FAMILY = "1,2";
			};
			name = Debug;
		};
		A97FF6302139B6D400544CCD /* Release */ = {
			isa = XCBuildConfiguration;
			baseConfigurationReference = B46D30084407FE9DB6AC0DB8 /* Pods-Secrets.release.xcconfig */;
			buildSettings = {
				ASSETCATALOG_COMPILER_APPICON_NAME = AppIcon;
				CODE_SIGN_STYLE = Manual;
				DEVELOPMENT_TEAM = 5C456KB643;
				INFOPLIST_FILE = Secrets/Info.plist;
				IPHONEOS_DEPLOYMENT_TARGET = 11.0;
				LD_RUNPATH_SEARCH_PATHS = (
					"$(inherited)",
					"@executable_path/Frameworks",
				);
				PRODUCT_BUNDLE_IDENTIFIER = vikings.Secrets;
				PRODUCT_NAME = "$(TARGET_NAME)";
				PROVISIONING_PROFILE_SPECIFIER = 1b2da5224189150d793a6f40ec77c83321924c8e;
				SWIFT_VERSION = 4.2;
				TARGETED_DEVICE_FAMILY = "1,2";
			};
			name = Release;
		};
/* End XCBuildConfiguration section */

/* Begin XCConfigurationList section */
		A97FF6152139B6D200544CCD /* Build configuration list for PBXProject "Secrets" */ = {
			isa = XCConfigurationList;
			buildConfigurations = (
				A97FF62C2139B6D400544CCD /* Debug */,
				A97FF62D2139B6D400544CCD /* Release */,
			);
			defaultConfigurationIsVisible = 0;
			defaultConfigurationName = Release;
		};
		A97FF62E2139B6D400544CCD /* Build configuration list for PBXNativeTarget "Secrets" */ = {
			isa = XCConfigurationList;
			buildConfigurations = (
				A97FF62F2139B6D400544CCD /* Debug */,
				A97FF6302139B6D400544CCD /* Release */,
			);
			defaultConfigurationIsVisible = 0;
			defaultConfigurationName = Release;
		};
/* End XCConfigurationList section */
	};
	rootObject = A97FF6122139B6D200544CCD /* Project object */;
}
